
Microsoft Visual Studio Solution File, Format Version 12.00
# Visual Studio Version 17
VisualStudioVersion = 17.5.33424.131
MinimumVisualStudioVersion = 10.0.40219.1
Project("{9A19103F-16F7-4668-BE54-9A1E7A4F7556}") = "Server", "Server\Server.csproj", "{9904AE04-F50B-43AD-A5FB-94C7BA238828}"
	ProjectSection(ProjectDependencies) = postProject
		{5347EA24-9AAD-406B-98C3-37948A79C328} = {5347EA24-9AAD-406B-98C3-37948A79C328}
	EndProjectSection
EndProject
Project("{9A19103F-16F7-4668-BE54-9A1E7A4F7556}") = "ServerCore", "ServerCore\ServerCore.csproj", "{5347EA24-9AAD-406B-98C3-37948A79C328}"
EndProject
Project("{9A19103F-16F7-4668-BE54-9A1E7A4F7556}") = "DummyClient", "DummyClient\DummyClient.csproj", "{C7F7CC3D-EB5C-4A08-8C49-96BB58032706}"
EndProject
Project("{9A19103F-16F7-4668-BE54-9A1E7A4F7556}") = "PacketGenerator", "PacketGenerator\PacketGenerator.csproj", "{2C8ED53F-7D72-418F-B82D-51F893608BCF}"
EndProject
Project("{2150E333-8FDC-42A3-9474-1A3956D46DE8}") = "tool", "tool", "{B36AB074-8147-4586-AE20-E6BD0E17EE54}"
EndProject
Global
	GlobalSection(SolutionConfigurationPlatforms) = preSolution
		Debug|Any CPU = Debug|Any CPU
		Release|Any CPU = Release|Any CPU
	EndGlobalSection
	GlobalSection(ProjectConfigurationPlatforms) = postSolution
		{9904AE04-F50B-43AD-A5FB-94C7BA238828}.Debug|Any CPU.ActiveCfg = Debug|Any CPU
		{9904AE04-F50B-43AD-A5FB-94C7BA238828}.Debug|Any CPU.Build.0 = Debug|Any CPU
		{9904AE04-F50B-43AD-A5FB-94C7BA238828}.Release|Any CPU.ActiveCfg = Release|Any CPU
		{9904AE04-F50B-43AD-A5FB-94C7BA238828}.Release|Any CPU.Build.0 = Release|Any CPU
		{5347EA24-9AAD-406B-98C3-37948A79C328}.Debug|Any CPU.ActiveCfg = Debug|Any CPU
		{5347EA24-9AAD-406B-98C3-37948A79C328}.Debug|Any CPU.Build.0 = Debug|Any CPU
		{5347EA24-9AAD-406B-98C3-37948A79C328}.Release|Any CPU.ActiveCfg = Release|Any CPU
		{5347EA24-9AAD-406B-98C3-37948A79C328}.Release|Any CPU.Build.0 = Release|Any CPU
		{C7F7CC3D-EB5C-4A08-8C49-96BB58032706}.Debug|Any CPU.ActiveCfg = Debug|Any CPU
		{C7F7CC3D-EB5C-4A08-8C49-96BB58032706}.Debug|Any CPU.Build.0 = Debug|Any CPU
		{C7F7CC3D-EB5C-4A08-8C49-96BB58032706}.Release|Any CPU.ActiveCfg = Release|Any CPU
		{C7F7CC3D-EB5C-4A08-8C49-96BB58032706}.Release|Any CPU.Build.0 = Release|Any CPU
		{2C8ED53F-7D72-418F-B82D-51F893608BCF}.Debug|Any CPU.ActiveCfg = Debug|Any CPU
		{2C8ED53F-7D72-418F-B82D-51F893608BCF}.Debug|Any CPU.Build.0 = Debug|Any CPU
		{2C8ED53F-7D72-418F-B82D-51F893608BCF}.Release|Any CPU.ActiveCfg = Release|Any CPU
		{2C8ED53F-7D72-418F-B82D-51F893608BCF}.Release|Any CPU.Build.0 = Release|Any CPU
	EndGlobalSection
	GlobalSection(SolutionProperties) = preSolution
		HideSolutionNode = FALSE
	EndGlobalSection
	GlobalSection(NestedProjects) = preSolution
		{2C8ED53F-7D72-418F-B82D-51F893608BCF} = {B36AB074-8147-4586-AE20-E6BD0E17EE54}
	EndGlobalSection
	GlobalSection(ExtensibilityGlobals) = postSolution
		SolutionGuid = {A791FD97-5F97-4892-ABFD-4E693F5769EA}
	EndGlobalSection
EndGlobal
